
Microsoft Visual Studio Solution File, Format Version 12.00
# Visual Studio 15
VisualStudioVersion = 15.0.28307.168
MinimumVisualStudioVersion = 10.0.40219.1
Project("{9A19103F-16F7-4668-BE54-9A1E7A4F7556}") = "AutoUpdateViaGitHubRelease", "AutoUpdateViaGitHubRelease\AutoUpdateViaGitHubRelease.csproj", "{12212521-A129-41AE-B5C8-2373754BD5E3}"
EndProject
Project("{2150E333-8FDC-42A3-9474-1A3956D46DE8}") = "Solution Items", "Solution Items", "{A2F2FC32-95CB-48D7-90C9-93CBB2B101EF}"
	ProjectSection(SolutionItems) = preProject
		appveyor.yml = appveyor.yml
		CHANGELOG.md = CHANGELOG.md
		CONTRIBUTING.md = CONTRIBUTING.md
		ISSUE_TEMPLATE.md = ISSUE_TEMPLATE.md
		LICENSE = LICENSE
		README.md = README.md
	EndProjectSection
EndProject
Project("{FAE04EC0-301F-11D3-BF4B-00C04F79EFBC}") = "UpdateWindow", "UpdateWindow\UpdateWindow.csproj", "{E3A9902F-A0F6-4FBD-A7EC-7BA45BD7CA6B}"
EndProject
Project("{FAE04EC0-301F-11D3-BF4B-00C04F79EFBC}") = "UnitTestProject", "UnitTestProject\UnitTestProject.csproj", "{7A691D11-F3E1-4855-8A77-46B089010183}"
EndProject
Project("{FAE04EC0-301F-11D3-BF4B-00C04F79EFBC}") = "Update", "Update\Update.csproj", "{780B3851-AF1C-42B3-855B-E83F88D475EC}"
EndProject
Global
	GlobalSection(SolutionConfigurationPlatforms) = preSolution
		Debug|Any CPU = Debug|Any CPU
		Release|Any CPU = Release|Any CPU
	EndGlobalSection
	GlobalSection(ProjectConfigurationPlatforms) = postSolution
		{12212521-A129-41AE-B5C8-2373754BD5E3}.Debug|Any CPU.ActiveCfg = Debug|Any CPU
		{12212521-A129-41AE-B5C8-2373754BD5E3}.Debug|Any CPU.Build.0 = Debug|Any CPU
		{12212521-A129-41AE-B5C8-2373754BD5E3}.Release|Any CPU.ActiveCfg = Release|Any CPU
		{12212521-A129-41AE-B5C8-2373754BD5E3}.Release|Any CPU.Build.0 = Release|Any CPU
		{E3A9902F-A0F6-4FBD-A7EC-7BA45BD7CA6B}.Debug|Any CPU.ActiveCfg = Debug|Any CPU
		{E3A9902F-A0F6-4FBD-A7EC-7BA45BD7CA6B}.Debug|Any CPU.Build.0 = Debug|Any CPU
		{E3A9902F-A0F6-4FBD-A7EC-7BA45BD7CA6B}.Release|Any CPU.ActiveCfg = Release|Any CPU
		{E3A9902F-A0F6-4FBD-A7EC-7BA45BD7CA6B}.Release|Any CPU.Build.0 = Release|Any CPU
		{7A691D11-F3E1-4855-8A77-46B089010183}.Debug|Any CPU.ActiveCfg = Debug|Any CPU
		{7A691D11-F3E1-4855-8A77-46B089010183}.Debug|Any CPU.Build.0 = Debug|Any CPU
		{7A691D11-F3E1-4855-8A77-46B089010183}.Release|Any CPU.ActiveCfg = Release|Any CPU
		{7A691D11-F3E1-4855-8A77-46B089010183}.Release|Any CPU.Build.0 = Release|Any CPU
		{780B3851-AF1C-42B3-855B-E83F88D475EC}.Debug|Any CPU.ActiveCfg = Debug|Any CPU
		{780B3851-AF1C-42B3-855B-E83F88D475EC}.Debug|Any CPU.Build.0 = Debug|Any CPU
		{780B3851-AF1C-42B3-855B-E83F88D475EC}.Release|Any CPU.ActiveCfg = Release|Any CPU
		{780B3851-AF1C-42B3-855B-E83F88D475EC}.Release|Any CPU.Build.0 = Release|Any CPU
	EndGlobalSection
	GlobalSection(SolutionProperties) = preSolution
		HideSolutionNode = FALSE
	EndGlobalSection
	GlobalSection(ExtensibilityGlobals) = postSolution
		SolutionGuid = {A9BEDCAA-953B-4451-BEE7-E0611306E477}
	EndGlobalSection
EndGlobal
