
Microsoft Visual Studio Solution File, Format Version 12.00
# Visual Studio 15
VisualStudioVersion = 15.0.28307.168
MinimumVisualStudioVersion = 10.0.40219.1
Project("{FAE04EC0-301F-11D3-BF4B-00C04F79EFBC}") = "GitHubReleaseUpdater", "GitHubReleaseUpdater\GitHubReleaseUpdater.csproj", "{8537E183-6DB6-49D4-8F85-E309DF0DB84F}"
EndProject
Global
	GlobalSection(SolutionConfigurationPlatforms) = preSolution
		Debug|Any CPU = Debug|Any CPU
		Release|Any CPU = Release|Any CPU
	EndGlobalSection
	GlobalSection(ProjectConfigurationPlatforms) = postSolution
		{8537E183-6DB6-49D4-8F85-E309DF0DB84F}.Debug|Any CPU.ActiveCfg = Debug|Any CPU
		{8537E183-6DB6-49D4-8F85-E309DF0DB84F}.Debug|Any CPU.Build.0 = Debug|Any CPU
		{8537E183-6DB6-49D4-8F85-E309DF0DB84F}.Release|Any CPU.ActiveCfg = Release|Any CPU
		{8537E183-6DB6-49D4-8F85-E309DF0DB84F}.Release|Any CPU.Build.0 = Release|Any CPU
	EndGlobalSection
	GlobalSection(SolutionProperties) = preSolution
		HideSolutionNode = FALSE
	EndGlobalSection
	GlobalSection(ExtensibilityGlobals) = postSolution
		SolutionGuid = {A9BEDCAA-953B-4451-BEE7-E0611306E477}
	EndGlobalSection
EndGlobal
